
Microsoft Visual Studio Solution File, Format Version 12.00
# Visual Studio Version 17
VisualStudioVersion = 17.1.32421.90
MinimumVisualStudioVersion = 10.0.40219.1
Project("{FAE04EC0-301F-11D3-BF4B-00C04F79EFBC}") = "Explorer and Reader WF", "Explorer and Reader WF.csproj", "{1CA31621-0F6C-460F-8E01-E3E719B6DCA0}"
EndProject
Global
	GlobalSection(SolutionConfigurationPlatforms) = preSolution
		Debug|Any CPU = Debug|Any CPU
		Release|Any CPU = Release|Any CPU
	EndGlobalSection
	GlobalSection(ProjectConfigurationPlatforms) = postSolution
		{1CA31621-0F6C-460F-8E01-E3E719B6DCA0}.Debug|Any CPU.ActiveCfg = Debug|Any CPU
		{1CA31621-0F6C-460F-8E01-E3E719B6DCA0}.Debug|Any CPU.Build.0 = Debug|Any CPU
		{1CA31621-0F6C-460F-8E01-E3E719B6DCA0}.Release|Any CPU.ActiveCfg = Release|Any CPU
		{1CA31621-0F6C-460F-8E01-E3E719B6DCA0}.Release|Any CPU.Build.0 = Release|Any CPU
	EndGlobalSection
	GlobalSection(SolutionProperties) = preSolution
		HideSolutionNode = FALSE
	EndGlobalSection
	GlobalSection(ExtensibilityGlobals) = postSolution
		SolutionGuid = {E70F0BE1-6E7A-4D53-910A-F20089BC2B64}
	EndGlobalSection
EndGlobal
